
Microsoft Visual Studio Solution File, Format Version 12.00
# Visual Studio 15
VisualStudioVersion = 15.0.28307.421
MinimumVisualStudioVersion = 10.0.40219.1
Project("{FAE04EC0-301F-11D3-BF4B-00C04F79EFBC}") = "Insertionsort", "Insertionsort\Insertionsort.csproj", "{BB6DFC9E-0F72-49BF-BF81-F364A312A40F}"
EndProject
Global
	GlobalSection(SolutionConfigurationPlatforms) = preSolution
		Debug|Any CPU = Debug|Any CPU
		Release|Any CPU = Release|Any CPU
	EndGlobalSection
	GlobalSection(ProjectConfigurationPlatforms) = postSolution
		{BB6DFC9E-0F72-49BF-BF81-F364A312A40F}.Debug|Any CPU.ActiveCfg = Debug|Any CPU
		{BB6DFC9E-0F72-49BF-BF81-F364A312A40F}.Debug|Any CPU.Build.0 = Debug|Any CPU
		{BB6DFC9E-0F72-49BF-BF81-F364A312A40F}.Release|Any CPU.ActiveCfg = Release|Any CPU
		{BB6DFC9E-0F72-49BF-BF81-F364A312A40F}.Release|Any CPU.Build.0 = Release|Any CPU
	EndGlobalSection
	GlobalSection(SolutionProperties) = preSolution
		HideSolutionNode = FALSE
	EndGlobalSection
	GlobalSection(ExtensibilityGlobals) = postSolution
		SolutionGuid = {DB1581EF-711D-433A-A197-BA463798B83D}
	EndGlobalSection
EndGlobal
